PODS:
  - Kingfisher (5.13.4):
    - Kingfisher/Core (= 5.13.4)
  - Kingfisher/Core (5.13.4)

DEPENDENCIES:
  - Kingfisher

SPEC REPOS:
  trunk:
    - Kingfisher

SPEC CHECKSUMS:
  Kingfisher: d2279a7abece3c7f25a80cd2b7f363ca5cf3f44c

PODFILE CHECKSUM: 963f7ac89ac9af438fd42c1e232e5bab5f954258

COCOAPODS: 1.8.4
